
Microsoft Visual Studio Solution File, Format Version 12.00
# Visual Studio 15
VisualStudioVersion = 15.0.26730.12
MinimumVisualStudioVersion = 10.0.40219.1
Project("{FAE04EC0-301F-11D3-BF4B-00C04F79EFBC}") = "VidlyRev", "VidlyRev\VidlyRev.csproj", "{006B9E4E-61A7-4E0C-84F9-0431611D0A04}"
EndProject
Project("{FAE04EC0-301F-11D3-BF4B-00C04F79EFBC}") = "VidlyRev.Tests", "VidlyRev.Tests\VidlyRev.Tests.csproj", "{0CCF622A-60B9-42BE-8CA1-A453BDA94F75}"
EndProject
Project("{FAE04EC0-301F-11D3-BF4B-00C04F79EFBC}") = "VidlyRevMobile.Android", "VidlyRevMobile\VidlyRevMobile.Android\VidlyRevMobile.Android.csproj", "{564D220A-4632-4166-A9CE-7993F72250F5}"
EndProject
Project("{FAE04EC0-301F-11D3-BF4B-00C04F79EFBC}") = "VidlyRevMobile", "VidlyRevMobile\VidlyRevMobile\VidlyRevMobile.csproj", "{769DE80D-B3FF-4794-BB16-3F9C6E3722BE}"
EndProject
Project("{FAE04EC0-301F-11D3-BF4B-00C04F79EFBC}") = "VidlyRevMobile.UWP", "VidlyRevMobile\VidlyRevMobile.UWP\VidlyRevMobile.UWP.csproj", "{4EED8F88-2645-49F0-9F7A-D692ACA0496E}"
EndProject
Project("{FAE04EC0-301F-11D3-BF4B-00C04F79EFBC}") = "VidlyRevMobile.iOS", "VidlyRevMobile\VidlyRevMobile.iOS\VidlyRevMobile.iOS.csproj", "{4E17C7C8-BB79-4C83-9150-64B67A5F1A02}"
EndProject
Project("{FAE04EC0-301F-11D3-BF4B-00C04F79EFBC}") = "VidllyRevUWP", "VidllyRevUWP\VidllyRevUWP.csproj", "{2586C209-476C-4B3F-8EFC-250DAF352CEC}"
EndProject
Global
	GlobalSection(SolutionConfigurationPlatforms) = preSolution
		Ad-Hoc|Any CPU = Ad-Hoc|Any CPU
		Ad-Hoc|ARM = Ad-Hoc|ARM
		Ad-Hoc|iPhone = Ad-Hoc|iPhone
		Ad-Hoc|iPhoneSimulator = Ad-Hoc|iPhoneSimulator
		Ad-Hoc|x64 = Ad-Hoc|x64
		Ad-Hoc|x86 = Ad-Hoc|x86
		AppStore|Any CPU = AppStore|Any CPU
		AppStore|ARM = AppStore|ARM
		AppStore|iPhone = AppStore|iPhone
		AppStore|iPhoneSimulator = AppStore|iPhoneSimulator
		AppStore|x64 = AppStore|x64
		AppStore|x86 = AppStore|x86
		Debug|Any CPU = Debug|Any CPU
		Debug|ARM = Debug|ARM
		Debug|iPhone = Debug|iPhone
		Debug|iPhoneSimulator = Debug|iPhoneSimulator
		Debug|x64 = Debug|x64
		Debug|x86 = Debug|x86
		Release|Any CPU = Release|Any CPU
		Release|ARM = Release|ARM
		Release|iPhone = Release|iPhone
		Release|iPhoneSimulator = Release|iPhoneSimulator
		Release|x64 = Release|x64
		Release|x86 = Release|x86
	EndGlobalSection
	GlobalSection(ProjectConfigurationPlatforms) = postSolution
		{006B9E4E-61A7-4E0C-84F9-0431611D0A04}.Ad-Hoc|Any CPU.ActiveCfg = Release|Any CPU
		{006B9E4E-61A7-4E0C-84F9-0431611D0A04}.Ad-Hoc|Any CPU.Build.0 = Release|Any CPU
		{006B9E4E-61A7-4E0C-84F9-0431611D0A04}.Ad-Hoc|ARM.ActiveCfg = Release|Any CPU
		{006B9E4E-61A7-4E0C-84F9-0431611D0A04}.Ad-Hoc|ARM.Build.0 = Release|Any CPU
		{006B9E4E-61A7-4E0C-84F9-0431611D0A04}.Ad-Hoc|iPhone.ActiveCfg = Release|Any CPU
		{006B9E4E-61A7-4E0C-84F9-0431611D0A04}.Ad-Hoc|iPhone.Build.0 = Release|Any CPU
		{006B9E4E-61A7-4E0C-84F9-0431611D0A04}.Ad-Hoc|iPhoneSimulator.ActiveCfg = Release|Any CPU
		{006B9E4E-61A7-4E0C-84F9-0431611D0A04}.Ad-Hoc|iPhoneSimulator.Build.0 = Release|Any CPU
		{006B9E4E-61A7-4E0C-84F9-0431611D0A04}.Ad-Hoc|x64.ActiveCfg = Release|Any CPU
		{006B9E4E-61A7-4E0C-84F9-0431611D0A04}.Ad-Hoc|x64.Build.0 = Release|Any CPU
		{006B9E4E-61A7-4E0C-84F9-0431611D0A04}.Ad-Hoc|x86.ActiveCfg = Release|Any CPU
		{006B9E4E-61A7-4E0C-84F9-0431611D0A04}.Ad-Hoc|x86.Build.0 = Release|Any CPU
		{006B9E4E-61A7-4E0C-84F9-0431611D0A04}.AppStore|Any CPU.ActiveCfg = Release|Any CPU
		{006B9E4E-61A7-4E0C-84F9-0431611D0A04}.AppStore|Any CPU.Build.0 = Release|Any CPU
		{006B9E4E-61A7-4E0C-84F9-0431611D0A04}.AppStore|ARM.ActiveCfg = Release|Any CPU
		{006B9E4E-61A7-4E0C-84F9-0431611D0A04}.AppStore|ARM.Build.0 = Release|Any CPU
		{006B9E4E-61A7-4E0C-84F9-0431611D0A04}.AppStore|iPhone.ActiveCfg = Release|Any CPU
		{006B9E4E-61A7-4E0C-84F9-0431611D0A04}.AppStore|iPhone.Build.0 = Release|Any CPU
		{006B9E4E-61A7-4E0C-84F9-0431611D0A04}.AppStore|iPhoneSimulator.ActiveCfg = Release|Any CPU
		{006B9E4E-61A7-4E0C-84F9-0431611D0A04}.AppStore|iPhoneSimulator.Build.0 = Release|Any CPU
		{006B9E4E-61A7-4E0C-84F9-0431611D0A04}.AppStore|x64.ActiveCfg = Release|Any CPU
		{006B9E4E-61A7-4E0C-84F9-0431611D0A04}.AppStore|x64.Build.0 = Release|Any CPU
		{006B9E4E-61A7-4E0C-84F9-0431611D0A04}.AppStore|x86.ActiveCfg = Release|Any CPU
		{006B9E4E-61A7-4E0C-84F9-0431611D0A04}.AppStore|x86.Build.0 = Release|Any CPU
		{006B9E4E-61A7-4E0C-84F9-0431611D0A04}.Debug|Any CPU.ActiveCfg = Debug|Any CPU
		{006B9E4E-61A7-4E0C-84F9-0431611D0A04}.Debug|Any CPU.Build.0 = Debug|Any CPU
		{006B9E4E-61A7-4E0C-84F9-0431611D0A04}.Debug|ARM.ActiveCfg = Debug|Any CPU
		{006B9E4E-61A7-4E0C-84F9-0431611D0A04}.Debug|ARM.Build.0 = Debug|Any CPU
		{006B9E4E-61A7-4E0C-84F9-0431611D0A04}.Debug|iPhone.ActiveCfg = Debug|Any CPU
		{006B9E4E-61A7-4E0C-84F9-0431611D0A04}.Debug|iPhone.Build.0 = Debug|Any CPU
		{006B9E4E-61A7-4E0C-84F9-0431611D0A04}.Debug|iPhoneSimulator.ActiveCfg = Debug|Any CPU
		{006B9E4E-61A7-4E0C-84F9-0431611D0A04}.Debug|iPhoneSimulator.Build.0 = Debug|Any CPU
		{006B9E4E-61A7-4E0C-84F9-0431611D0A04}.Debug|x64.ActiveCfg = Debug|Any CPU
		{006B9E4E-61A7-4E0C-84F9-0431611D0A04}.Debug|x64.Build.0 = Debug|Any CPU
		{006B9E4E-61A7-4E0C-84F9-0431611D0A04}.Debug|x86.ActiveCfg = Debug|Any CPU
		{006B9E4E-61A7-4E0C-84F9-0431611D0A04}.Debug|x86.Build.0 = Debug|Any CPU
		{006B9E4E-61A7-4E0C-84F9-0431611D0A04}.Release|Any CPU.ActiveCfg = Release|Any CPU
		{006B9E4E-61A7-4E0C-84F9-0431611D0A04}.Release|Any CPU.Build.0 = Release|Any CPU
		{006B9E4E-61A7-4E0C-84F9-0431611D0A04}.Release|ARM.ActiveCfg = Release|Any CPU
		{006B9E4E-61A7-4E0C-84F9-0431611D0A04}.Release|ARM.Build.0 = Release|Any CPU
		{006B9E4E-61A7-4E0C-84F9-0431611D0A04}.Release|iPhone.ActiveCfg = Release|Any CPU
		{006B9E4E-61A7-4E0C-84F9-0431611D0A04}.Release|iPhone.Build.0 = Release|Any CPU
		{006B9E4E-61A7-4E0C-84F9-0431611D0A04}.Release|iPhoneSimulator.ActiveCfg = Release|Any CPU
		{006B9E4E-61A7-4E0C-84F9-0431611D0A04}.Release|iPhoneSimulator.Build.0 = Release|Any CPU
		{006B9E4E-61A7-4E0C-84F9-0431611D0A04}.Release|x64.ActiveCfg = Release|Any CPU
		{006B9E4E-61A7-4E0C-84F9-0431611D0A04}.Release|x64.Build.0 = Release|Any CPU
		{006B9E4E-61A7-4E0C-84F9-0431611D0A04}.Release|x86.ActiveCfg = Release|Any CPU
		{006B9E4E-61A7-4E0C-84F9-0431611D0A04}.Release|x86.Build.0 = Release|Any CPU
		{0CCF622A-60B9-42BE-8CA1-A453BDA94F75}.Ad-Hoc|Any CPU.ActiveCfg = Release|Any CPU
		{0CCF622A-60B9-42BE-8CA1-A453BDA94F75}.Ad-Hoc|Any CPU.Build.0 = Release|Any CPU
		{0CCF622A-60B9-42BE-8CA1-A453BDA94F75}.Ad-Hoc|ARM.ActiveCfg = Release|Any CPU
		{0CCF622A-60B9-42BE-8CA1-A453BDA94F75}.Ad-Hoc|ARM.Build.0 = Release|Any CPU
		{0CCF622A-60B9-42BE-8CA1-A453BDA94F75}.Ad-Hoc|iPhone.ActiveCfg = Release|Any CPU
		{0CCF622A-60B9-42BE-8CA1-A453BDA94F75}.Ad-Hoc|iPhone.Build.0 = Release|Any CPU
		{0CCF622A-60B9-42BE-8CA1-A453BDA94F75}.Ad-Hoc|iPhoneSimulator.ActiveCfg = Release|Any CPU
		{0CCF622A-60B9-42BE-8CA1-A453BDA94F75}.Ad-Hoc|iPhoneSimulator.Build.0 = Release|Any CPU
		{0CCF622A-60B9-42BE-8CA1-A453BDA94F75}.Ad-Hoc|x64.ActiveCfg = Release|Any CPU
		{0CCF622A-60B9-42BE-8CA1-A453BDA94F75}.Ad-Hoc|x64.Build.0 = Release|Any CPU
		{0CCF622A-60B9-42BE-8CA1-A453BDA94F75}.Ad-Hoc|x86.ActiveCfg = Release|Any CPU
		{0CCF622A-60B9-42BE-8CA1-A453BDA94F75}.Ad-Hoc|x86.Build.0 = Release|Any CPU
		{0CCF622A-60B9-42BE-8CA1-A453BDA94F75}.AppStore|Any CPU.ActiveCfg = Release|Any CPU
		{0CCF622A-60B9-42BE-8CA1-A453BDA94F75}.AppStore|Any CPU.Build.0 = Release|Any CPU
		{0CCF622A-60B9-42BE-8CA1-A453BDA94F75}.AppStore|ARM.ActiveCfg = Release|Any CPU
		{0CCF622A-60B9-42BE-8CA1-A453BDA94F75}.AppStore|ARM.Build.0 = Release|Any CPU
		{0CCF622A-60B9-42BE-8CA1-A453BDA94F75}.AppStore|iPhone.ActiveCfg = Release|Any CPU
		{0CCF622A-60B9-42BE-8CA1-A453BDA94F75}.AppStore|iPhone.Build.0 = Release|Any CPU
		{0CCF622A-60B9-42BE-8CA1-A453BDA94F75}.AppStore|iPhoneSimulator.ActiveCfg = Release|Any CPU
		{0CCF622A-60B9-42BE-8CA1-A453BDA94F75}.AppStore|iPhoneSimulator.Build.0 = Release|Any CPU
		{0CCF622A-60B9-42BE-8CA1-A453BDA94F75}.AppStore|x64.ActiveCfg = Release|Any CPU
		{0CCF622A-60B9-42BE-8CA1-A453BDA94F75}.AppStore|x64.Build.0 = Release|Any CPU
		{0CCF622A-60B9-42BE-8CA1-A453BDA94F75}.AppStore|x86.ActiveCfg = Release|Any CPU
		{0CCF622A-60B9-42BE-8CA1-A453BDA94F75}.AppStore|x86.Build.0 = Release|Any CPU
		{0CCF622A-60B9-42BE-8CA1-A453BDA94F75}.Debug|Any CPU.ActiveCfg = Debug|Any CPU
		{0CCF622A-60B9-42BE-8CA1-A453BDA94F75}.Debug|Any CPU.Build.0 = Debug|Any CPU
		{0CCF622A-60B9-42BE-8CA1-A453BDA94F75}.Debug|ARM.ActiveCfg = Debug|Any CPU
		{0CCF622A-60B9-42BE-8CA1-A453BDA94F75}.Debug|ARM.Build.0 = Debug|Any CPU
		{0CCF622A-60B9-42BE-8CA1-A453BDA94F75}.Debug|iPhone.ActiveCfg = Debug|Any CPU
		{0CCF622A-60B9-42BE-8CA1-A453BDA94F75}.Debug|iPhone.Build.0 = Debug|Any CPU
		{0CCF622A-60B9-42BE-8CA1-A453BDA94F75}.Debug|iPhoneSimulator.ActiveCfg = Debug|Any CPU
		{0CCF622A-60B9-42BE-8CA1-A453BDA94F75}.Debug|iPhoneSimulator.Build.0 = Debug|Any CPU
		{0CCF622A-60B9-42BE-8CA1-A453BDA94F75}.Debug|x64.ActiveCfg = Debug|Any CPU
		{0CCF622A-60B9-42BE-8CA1-A453BDA94F75}.Debug|x64.Build.0 = Debug|Any CPU
		{0CCF622A-60B9-42BE-8CA1-A453BDA94F75}.Debug|x86.ActiveCfg = Debug|Any CPU
		{0CCF622A-60B9-42BE-8CA1-A453BDA94F75}.Debug|x86.Build.0 = Debug|Any CPU
		{0CCF622A-60B9-42BE-8CA1-A453BDA94F75}.Release|Any CPU.ActiveCfg = Release|Any CPU
		{0CCF622A-60B9-42BE-8CA1-A453BDA94F75}.Release|Any CPU.Build.0 = Release|Any CPU
		{0CCF622A-60B9-42BE-8CA1-A453BDA94F75}.Release|ARM.ActiveCfg = Release|Any CPU
		{0CCF622A-60B9-42BE-8CA1-A453BDA94F75}.Release|ARM.Build.0 = Release|Any CPU
		{0CCF622A-60B9-42BE-8CA1-A453BDA94F75}.Release|iPhone.ActiveCfg = Release|Any CPU
		{0CCF622A-60B9-42BE-8CA1-A453BDA94F75}.Release|iPhone.Build.0 = Release|Any CPU
		{0CCF622A-60B9-42BE-8CA1-A453BDA94F75}.Release|iPhoneSimulator.ActiveCfg = Release|Any CPU
		{0CCF622A-60B9-42BE-8CA1-A453BDA94F75}.Release|iPhoneSimulator.Build.0 = Release|Any CPU
		{0CCF622A-60B9-42BE-8CA1-A453BDA94F75}.Release|x64.ActiveCfg = Release|Any CPU
		{0CCF622A-60B9-42BE-8CA1-A453BDA94F75}.Release|x64.Build.0 = Release|Any CPU
		{0CCF622A-60B9-42BE-8CA1-A453BDA94F75}.Release|x86.ActiveCfg = Release|Any CPU
		{0CCF622A-60B9-42BE-8CA1-A453BDA94F75}.Release|x86.Build.0 = Release|Any CPU
		{564D220A-4632-4166-A9CE-7993F72250F5}.Ad-Hoc|Any CPU.ActiveCfg = Release|Any CPU
		{564D220A-4632-4166-A9CE-7993F72250F5}.Ad-Hoc|Any CPU.Build.0 = Release|Any CPU
		{564D220A-4632-4166-A9CE-7993F72250F5}.Ad-Hoc|Any CPU.Deploy.0 = Release|Any CPU
		{564D220A-4632-4166-A9CE-7993F72250F5}.Ad-Hoc|ARM.ActiveCfg = Release|Any CPU
		{564D220A-4632-4166-A9CE-7993F72250F5}.Ad-Hoc|ARM.Build.0 = Release|Any CPU
		{564D220A-4632-4166-A9CE-7993F72250F5}.Ad-Hoc|ARM.Deploy.0 = Release|Any CPU
		{564D220A-4632-4166-A9CE-7993F72250F5}.Ad-Hoc|iPhone.ActiveCfg = Release|Any CPU
		{564D220A-4632-4166-A9CE-7993F72250F5}.Ad-Hoc|iPhone.Build.0 = Release|Any CPU
		{564D220A-4632-4166-A9CE-7993F72250F5}.Ad-Hoc|iPhone.Deploy.0 = Release|Any CPU
		{564D220A-4632-4166-A9CE-7993F72250F5}.Ad-Hoc|iPhoneSimulator.ActiveCfg = Release|Any CPU
		{564D220A-4632-4166-A9CE-7993F72250F5}.Ad-Hoc|iPhoneSimulator.Build.0 = Release|Any CPU
		{564D220A-4632-4166-A9CE-7993F72250F5}.Ad-Hoc|iPhoneSimulator.Deploy.0 = Release|Any CPU
		{564D220A-4632-4166-A9CE-7993F72250F5}.Ad-Hoc|x64.ActiveCfg = Release|Any CPU
		{564D220A-4632-4166-A9CE-7993F72250F5}.Ad-Hoc|x64.Build.0 = Release|Any CPU
		{564D220A-4632-4166-A9CE-7993F72250F5}.Ad-Hoc|x64.Deploy.0 = Release|Any CPU
		{564D220A-4632-4166-A9CE-7993F72250F5}.Ad-Hoc|x86.ActiveCfg = Release|Any CPU
		{564D220A-4632-4166-A9CE-7993F72250F5}.Ad-Hoc|x86.Build.0 = Release|Any CPU
		{564D220A-4632-4166-A9CE-7993F72250F5}.Ad-Hoc|x86.Deploy.0 = Release|Any CPU
		{564D220A-4632-4166-A9CE-7993F72250F5}.AppStore|Any CPU.ActiveCfg = Release|Any CPU
		{564D220A-4632-4166-A9CE-7993F72250F5}.AppStore|Any CPU.Build.0 = Release|Any CPU
		{564D220A-4632-4166-A9CE-7993F72250F5}.AppStore|Any CPU.Deploy.0 = Release|Any CPU
		{564D220A-4632-4166-A9CE-7993F72250F5}.AppStore|ARM.ActiveCfg = Release|Any CPU
		{564D220A-4632-4166-A9CE-7993F72250F5}.AppStore|ARM.Build.0 = Release|Any CPU
		{564D220A-4632-4166-A9CE-7993F72250F5}.AppStore|ARM.Deploy.0 = Release|Any CPU
		{564D220A-4632-4166-A9CE-7993F72250F5}.AppStore|iPhone.ActiveCfg = Release|Any CPU
		{564D220A-4632-4166-A9CE-7993F72250F5}.AppStore|iPhone.Build.0 = Release|Any CPU
		{564D220A-4632-4166-A9CE-7993F72250F5}.AppStore|iPhone.Deploy.0 = Release|Any CPU
		{564D220A-4632-4166-A9CE-7993F72250F5}.AppStore|iPhoneSimulator.ActiveCfg = Release|Any CPU
		{564D220A-4632-4166-A9CE-7993F72250F5}.AppStore|iPhoneSimulator.Build.0 = Release|Any CPU
		{564D220A-4632-4166-A9CE-7993F72250F5}.AppStore|iPhoneSimulator.Deploy.0 = Release|Any CPU
		{564D220A-4632-4166-A9CE-7993F72250F5}.AppStore|x64.ActiveCfg = Release|Any CPU
		{564D220A-4632-4166-A9CE-7993F72250F5}.AppStore|x64.Build.0 = Release|Any CPU
		{564D220A-4632-4166-A9CE-7993F72250F5}.AppStore|x64.Deploy.0 = Release|Any CPU
		{564D220A-4632-4166-A9CE-7993F72250F5}.AppStore|x86.ActiveCfg = Release|Any CPU
		{564D220A-4632-4166-A9CE-7993F72250F5}.AppStore|x86.Build.0 = Release|Any CPU
		{564D220A-4632-4166-A9CE-7993F72250F5}.AppStore|x86.Deploy.0 = Release|Any CPU
		{564D220A-4632-4166-A9CE-7993F72250F5}.Debug|Any CPU.ActiveCfg = Debug|Any CPU
		{564D220A-4632-4166-A9CE-7993F72250F5}.Debug|Any CPU.Build.0 = Debug|Any CPU
		{564D220A-4632-4166-A9CE-7993F72250F5}.Debug|Any CPU.Deploy.0 = Debug|Any CPU
		{564D220A-4632-4166-A9CE-7993F72250F5}.Debug|ARM.ActiveCfg = Debug|Any CPU
		{564D220A-4632-4166-A9CE-7993F72250F5}.Debug|ARM.Build.0 = Debug|Any CPU
		{564D220A-4632-4166-A9CE-7993F72250F5}.Debug|ARM.Deploy.0 = Debug|Any CPU
		{564D220A-4632-4166-A9CE-7993F72250F5}.Debug|iPhone.ActiveCfg = Debug|Any CPU
		{564D220A-4632-4166-A9CE-7993F72250F5}.Debug|iPhone.Build.0 = Debug|Any CPU
		{564D220A-4632-4166-A9CE-7993F72250F5}.Debug|iPhone.Deploy.0 = Debug|Any CPU
		{564D220A-4632-4166-A9CE-7993F72250F5}.Debug|iPhoneSimulator.ActiveCfg = Debug|Any CPU
		{564D220A-4632-4166-A9CE-7993F72250F5}.Debug|iPhoneSimulator.Build.0 = Debug|Any CPU
		{564D220A-4632-4166-A9CE-7993F72250F5}.Debug|iPhoneSimulator.Deploy.0 = Debug|Any CPU
		{564D220A-4632-4166-A9CE-7993F72250F5}.Debug|x64.ActiveCfg = Debug|Any CPU
		{564D220A-4632-4166-A9CE-7993F72250F5}.Debug|x64.Build.0 = Debug|Any CPU
		{564D220A-4632-4166-A9CE-7993F72250F5}.Debug|x64.Deploy.0 = Debug|Any CPU
		{564D220A-4632-4166-A9CE-7993F72250F5}.Debug|x86.ActiveCfg = Debug|Any CPU
		{564D220A-4632-4166-A9CE-7993F72250F5}.Debug|x86.Build.0 = Debug|Any CPU
		{564D220A-4632-4166-A9CE-7993F72250F5}.Debug|x86.Deploy.0 = Debug|Any CPU
		{564D220A-4632-4166-A9CE-7993F72250F5}.Release|Any CPU.ActiveCfg = Release|Any CPU
		{564D220A-4632-4166-A9CE-7993F72250F5}.Release|Any CPU.Build.0 = Release|Any CPU
		{564D220A-4632-4166-A9CE-7993F72250F5}.Release|Any CPU.Deploy.0 = Release|Any CPU
		{564D220A-4632-4166-A9CE-7993F72250F5}.Release|ARM.ActiveCfg = Release|Any CPU
		{564D220A-4632-4166-A9CE-7993F72250F5}.Release|ARM.Build.0 = Release|Any CPU
		{564D220A-4632-4166-A9CE-7993F72250F5}.Release|ARM.Deploy.0 = Release|Any CPU
		{564D220A-4632-4166-A9CE-7993F72250F5}.Release|iPhone.ActiveCfg = Release|Any CPU
		{564D220A-4632-4166-A9CE-7993F72250F5}.Release|iPhone.Build.0 = Release|Any CPU
		{564D220A-4632-4166-A9CE-7993F72250F5}.Release|iPhone.Deploy.0 = Release|Any CPU
		{564D220A-4632-4166-A9CE-7993F72250F5}.Release|iPhoneSimulator.ActiveCfg = Release|Any CPU
		{564D220A-4632-4166-A9CE-7993F72250F5}.Release|iPhoneSimulator.Build.0 = Release|Any CPU
		{564D220A-4632-4166-A9CE-7993F72250F5}.Release|iPhoneSimulator.Deploy.0 = Release|Any CPU
		{564D220A-4632-4166-A9CE-7993F72250F5}.Release|x64.ActiveCfg = Release|Any CPU
		{564D220A-4632-4166-A9CE-7993F72250F5}.Release|x64.Build.0 = Release|Any CPU
		{564D220A-4632-4166-A9CE-7993F72250F5}.Release|x64.Deploy.0 = Release|Any CPU
		{564D220A-4632-4166-A9CE-7993F72250F5}.Release|x86.ActiveCfg = Release|Any CPU
		{564D220A-4632-4166-A9CE-7993F72250F5}.Release|x86.Build.0 = Release|Any CPU
		{564D220A-4632-4166-A9CE-7993F72250F5}.Release|x86.Deploy.0 = Release|Any CPU
		{769DE80D-B3FF-4794-BB16-3F9C6E3722BE}.Ad-Hoc|Any CPU.ActiveCfg = Release|Any CPU
		{769DE80D-B3FF-4794-BB16-3F9C6E3722BE}.Ad-Hoc|Any CPU.Build.0 = Release|Any CPU
		{769DE80D-B3FF-4794-BB16-3F9C6E3722BE}.Ad-Hoc|ARM.ActiveCfg = Release|Any CPU
		{769DE80D-B3FF-4794-BB16-3F9C6E3722BE}.Ad-Hoc|ARM.Build.0 = Release|Any CPU
		{769DE80D-B3FF-4794-BB16-3F9C6E3722BE}.Ad-Hoc|iPhone.ActiveCfg = Release|Any CPU
		{769DE80D-B3FF-4794-BB16-3F9C6E3722BE}.Ad-Hoc|iPhone.Build.0 = Release|Any CPU
		{769DE80D-B3FF-4794-BB16-3F9C6E3722BE}.Ad-Hoc|iPhoneSimulator.ActiveCfg = Release|Any CPU
		{769DE80D-B3FF-4794-BB16-3F9C6E3722BE}.Ad-Hoc|iPhoneSimulator.Build.0 = Release|Any CPU
		{769DE80D-B3FF-4794-BB16-3F9C6E3722BE}.Ad-Hoc|x64.ActiveCfg = Release|Any CPU
		{769DE80D-B3FF-4794-BB16-3F9C6E3722BE}.Ad-Hoc|x64.Build.0 = Release|Any CPU
		{769DE80D-B3FF-4794-BB16-3F9C6E3722BE}.Ad-Hoc|x86.ActiveCfg = Release|Any CPU
		{769DE80D-B3FF-4794-BB16-3F9C6E3722BE}.Ad-Hoc|x86.Build.0 = Release|Any CPU
		{769DE80D-B3FF-4794-BB16-3F9C6E3722BE}.AppStore|Any CPU.ActiveCfg = Release|Any CPU
		{769DE80D-B3FF-4794-BB16-3F9C6E3722BE}.AppStore|Any CPU.Build.0 = Release|Any CPU
		{769DE80D-B3FF-4794-BB16-3F9C6E3722BE}.AppStore|ARM.ActiveCfg = Release|Any CPU
		{769DE80D-B3FF-4794-BB16-3F9C6E3722BE}.AppStore|ARM.Build.0 = Release|Any CPU
		{769DE80D-B3FF-4794-BB16-3F9C6E3722BE}.AppStore|iPhone.ActiveCfg = Release|Any CPU
		{769DE80D-B3FF-4794-BB16-3F9C6E3722BE}.AppStore|iPhone.Build.0 = Release|Any CPU
		{769DE80D-B3FF-4794-BB16-3F9C6E3722BE}.AppStore|iPhoneSimulator.ActiveCfg = Release|Any CPU
		{769DE80D-B3FF-4794-BB16-3F9C6E3722BE}.AppStore|iPhoneSimulator.Build.0 = Release|Any CPU
		{769DE80D-B3FF-4794-BB16-3F9C6E3722BE}.AppStore|x64.ActiveCfg = Release|Any CPU
		{769DE80D-B3FF-4794-BB16-3F9C6E3722BE}.AppStore|x64.Build.0 = Release|Any CPU
		{769DE80D-B3FF-4794-BB16-3F9C6E3722BE}.AppStore|x86.ActiveCfg = Release|Any CPU
		{769DE80D-B3FF-4794-BB16-3F9C6E3722BE}.AppStore|x86.Build.0 = Release|Any CPU
		{769DE80D-B3FF-4794-BB16-3F9C6E3722BE}.Debug|Any CPU.ActiveCfg = Debug|Any CPU
		{769DE80D-B3FF-4794-BB16-3F9C6E3722BE}.Debug|Any CPU.Build.0 = Debug|Any CPU
		{769DE80D-B3FF-4794-BB16-3F9C6E3722BE}.Debug|ARM.ActiveCfg = Debug|Any CPU
		{769DE80D-B3FF-4794-BB16-3F9C6E3722BE}.Debug|ARM.Build.0 = Debug|Any CPU
		{769DE80D-B3FF-4794-BB16-3F9C6E3722BE}.Debug|iPhone.ActiveCfg = Debug|Any CPU
		{769DE80D-B3FF-4794-BB16-3F9C6E3722BE}.Debug|iPhone.Build.0 = Debug|Any CPU
		{769DE80D-B3FF-4794-BB16-3F9C6E3722BE}.Debug|iPhoneSimulator.ActiveCfg = Debug|Any CPU
		{769DE80D-B3FF-4794-BB16-3F9C6E3722BE}.Debug|iPhoneSimulator.Build.0 = Debug|Any CPU
		{769DE80D-B3FF-4794-BB16-3F9C6E3722BE}.Debug|x64.ActiveCfg = Debug|Any CPU
		{769DE80D-B3FF-4794-BB16-3F9C6E3722BE}.Debug|x64.Build.0 = Debug|Any CPU
		{769DE80D-B3FF-4794-BB16-3F9C6E3722BE}.Debug|x86.ActiveCfg = Debug|Any CPU
		{769DE80D-B3FF-4794-BB16-3F9C6E3722BE}.Debug|x86.Build.0 = Debug|Any CPU
		{769DE80D-B3FF-4794-BB16-3F9C6E3722BE}.Release|Any CPU.ActiveCfg = Release|Any CPU
		{769DE80D-B3FF-4794-BB16-3F9C6E3722BE}.Release|Any CPU.Build.0 = Release|Any CPU
		{769DE80D-B3FF-4794-BB16-3F9C6E3722BE}.Release|ARM.ActiveCfg = Release|Any CPU
		{769DE80D-B3FF-4794-BB16-3F9C6E3722BE}.Release|ARM.Build.0 = Release|Any CPU
		{769DE80D-B3FF-4794-BB16-3F9C6E3722BE}.Release|iPhone.ActiveCfg = Release|Any CPU
		{769DE80D-B3FF-4794-BB16-3F9C6E3722BE}.Release|iPhone.Build.0 = Release|Any CPU
		{769DE80D-B3FF-4794-BB16-3F9C6E3722BE}.Release|iPhoneSimulator.ActiveCfg = Release|Any CPU
		{769DE80D-B3FF-4794-BB16-3F9C6E3722BE}.Release|iPhoneSimulator.Build.0 = Release|Any CPU
		{769DE80D-B3FF-4794-BB16-3F9C6E3722BE}.Release|x64.ActiveCfg = Release|Any CPU
		{769DE80D-B3FF-4794-BB16-3F9C6E3722BE}.Release|x64.Build.0 = Release|Any CPU
		{769DE80D-B3FF-4794-BB16-3F9C6E3722BE}.Release|x86.ActiveCfg = Release|Any CPU
		{769DE80D-B3FF-4794-BB16-3F9C6E3722BE}.Release|x86.Build.0 = Release|Any CPU
		{4EED8F88-2645-49F0-9F7A-D692ACA0496E}.Ad-Hoc|Any CPU.ActiveCfg = Release|x86
		{4EED8F88-2645-49F0-9F7A-D692ACA0496E}.Ad-Hoc|Any CPU.Build.0 = Release|x86
		{4EED8F88-2645-49F0-9F7A-D692ACA0496E}.Ad-Hoc|Any CPU.Deploy.0 = Release|x86
		{4EED8F88-2645-49F0-9F7A-D692ACA0496E}.Ad-Hoc|ARM.ActiveCfg = Release|ARM
		{4EED8F88-2645-49F0-9F7A-D692ACA0496E}.Ad-Hoc|ARM.Build.0 = Release|ARM
		{4EED8F88-2645-49F0-9F7A-D692ACA0496E}.Ad-Hoc|ARM.Deploy.0 = Release|ARM
		{4EED8F88-2645-49F0-9F7A-D692ACA0496E}.Ad-Hoc|iPhone.ActiveCfg = Release|x86
		{4EED8F88-2645-49F0-9F7A-D692ACA0496E}.Ad-Hoc|iPhone.Build.0 = Release|x86
		{4EED8F88-2645-49F0-9F7A-D692ACA0496E}.Ad-Hoc|iPhone.Deploy.0 = Release|x86
		{4EED8F88-2645-49F0-9F7A-D692ACA0496E}.Ad-Hoc|iPhoneSimulator.ActiveCfg = Release|x86
		{4EED8F88-2645-49F0-9F7A-D692ACA0496E}.Ad-Hoc|iPhoneSimulator.Build.0 = Release|x86
		{4EED8F88-2645-49F0-9F7A-D692ACA0496E}.Ad-Hoc|iPhoneSimulator.Deploy.0 = Release|x86
		{4EED8F88-2645-49F0-9F7A-D692ACA0496E}.Ad-Hoc|x64.ActiveCfg = Release|x64
		{4EED8F88-2645-49F0-9F7A-D692ACA0496E}.Ad-Hoc|x64.Build.0 = Release|x64
		{4EED8F88-2645-49F0-9F7A-D692ACA0496E}.Ad-Hoc|x64.Deploy.0 = Release|x64
		{4EED8F88-2645-49F0-9F7A-D692ACA0496E}.Ad-Hoc|x86.ActiveCfg = Release|x86
		{4EED8F88-2645-49F0-9F7A-D692ACA0496E}.Ad-Hoc|x86.Build.0 = Release|x86
		{4EED8F88-2645-49F0-9F7A-D692ACA0496E}.Ad-Hoc|x86.Deploy.0 = Release|x86
		{4EED8F88-2645-49F0-9F7A-D692ACA0496E}.AppStore|Any CPU.ActiveCfg = Release|x86
		{4EED8F88-2645-49F0-9F7A-D692ACA0496E}.AppStore|Any CPU.Build.0 = Release|x86
		{4EED8F88-2645-49F0-9F7A-D692ACA0496E}.AppStore|Any CPU.Deploy.0 = Release|x86
		{4EED8F88-2645-49F0-9F7A-D692ACA0496E}.AppStore|ARM.ActiveCfg = Release|ARM
		{4EED8F88-2645-49F0-9F7A-D692ACA0496E}.AppStore|ARM.Build.0 = Release|ARM
		{4EED8F88-2645-49F0-9F7A-D692ACA0496E}.AppStore|ARM.Deploy.0 = Release|ARM
		{4EED8F88-2645-49F0-9F7A-D692ACA0496E}.AppStore|iPhone.ActiveCfg = Release|x86
		{4EED8F88-2645-49F0-9F7A-D692ACA0496E}.AppStore|iPhone.Build.0 = Release|x86
		{4EED8F88-2645-49F0-9F7A-D692ACA0496E}.AppStore|iPhone.Deploy.0 = Release|x86
		{4EED8F88-2645-49F0-9F7A-D692ACA0496E}.AppStore|iPhoneSimulator.ActiveCfg = Release|x86
		{4EED8F88-2645-49F0-9F7A-D692ACA0496E}.AppStore|iPhoneSimulator.Build.0 = Release|x86
		{4EED8F88-2645-49F0-9F7A-D692ACA0496E}.AppStore|iPhoneSimulator.Deploy.0 = Release|x86
		{4EED8F88-2645-49F0-9F7A-D692ACA0496E}.AppStore|x64.ActiveCfg = Release|x64
		{4EED8F88-2645-49F0-9F7A-D692ACA0496E}.AppStore|x64.Build.0 = Release|x64
		{4EED8F88-2645-49F0-9F7A-D692ACA0496E}.AppStore|x64.Deploy.0 = Release|x64
		{4EED8F88-2645-49F0-9F7A-D692ACA0496E}.AppStore|x86.ActiveCfg = Release|x86
		{4EED8F88-2645-49F0-9F7A-D692ACA0496E}.AppStore|x86.Build.0 = Release|x86
		{4EED8F88-2645-49F0-9F7A-D692ACA0496E}.AppStore|x86.Deploy.0 = Release|x86
		{4EED8F88-2645-49F0-9F7A-D692ACA0496E}.Debug|Any CPU.ActiveCfg = Debug|x86
		{4EED8F88-2645-49F0-9F7A-D692ACA0496E}.Debug|ARM.ActiveCfg = Debug|ARM
		{4EED8F88-2645-49F0-9F7A-D692ACA0496E}.Debug|ARM.Build.0 = Debug|ARM
		{4EED8F88-2645-49F0-9F7A-D692ACA0496E}.Debug|ARM.Deploy.0 = Debug|ARM
		{4EED8F88-2645-49F0-9F7A-D692ACA0496E}.Debug|iPhone.ActiveCfg = Debug|x86
		{4EED8F88-2645-49F0-9F7A-D692ACA0496E}.Debug|iPhoneSimulator.ActiveCfg = Debug|x86
		{4EED8F88-2645-49F0-9F7A-D692ACA0496E}.Debug|x64.ActiveCfg = Debug|x64
		{4EED8F88-2645-49F0-9F7A-D692ACA0496E}.Debug|x64.Build.0 = Debug|x64
		{4EED8F88-2645-49F0-9F7A-D692ACA0496E}.Debug|x64.Deploy.0 = Debug|x64
		{4EED8F88-2645-49F0-9F7A-D692ACA0496E}.Debug|x86.ActiveCfg = Debug|x86
		{4EED8F88-2645-49F0-9F7A-D692ACA0496E}.Debug|x86.Build.0 = Debug|x86
		{4EED8F88-2645-49F0-9F7A-D692ACA0496E}.Debug|x86.Deploy.0 = Debug|x86
		{4EED8F88-2645-49F0-9F7A-D692ACA0496E}.Release|Any CPU.ActiveCfg = Release|x86
		{4EED8F88-2645-49F0-9F7A-D692ACA0496E}.Release|ARM.ActiveCfg = Release|ARM
		{4EED8F88-2645-49F0-9F7A-D692ACA0496E}.Release|ARM.Build.0 = Release|ARM
		{4EED8F88-2645-49F0-9F7A-D692ACA0496E}.Release|ARM.Deploy.0 = Release|ARM
		{4EED8F88-2645-49F0-9F7A-D692ACA0496E}.Release|iPhone.ActiveCfg = Release|x86
		{4EED8F88-2645-49F0-9F7A-D692ACA0496E}.Release|iPhoneSimulator.ActiveCfg = Release|x86
		{4EED8F88-2645-49F0-9F7A-D692ACA0496E}.Release|x64.ActiveCfg = Release|x64
		{4EED8F88-2645-49F0-9F7A-D692ACA0496E}.Release|x64.Build.0 = Release|x64
		{4EED8F88-2645-49F0-9F7A-D692ACA0496E}.Release|x64.Deploy.0 = Release|x64
		{4EED8F88-2645-49F0-9F7A-D692ACA0496E}.Release|x86.ActiveCfg = Release|x86
		{4EED8F88-2645-49F0-9F7A-D692ACA0496E}.Release|x86.Build.0 = Release|x86
		{4EED8F88-2645-49F0-9F7A-D692ACA0496E}.Release|x86.Deploy.0 = Release|x86
		{4E17C7C8-BB79-4C83-9150-64B67A5F1A02}.Ad-Hoc|Any CPU.ActiveCfg = Ad-Hoc|iPhone
		{4E17C7C8-BB79-4C83-9150-64B67A5F1A02}.Ad-Hoc|ARM.ActiveCfg = Ad-Hoc|iPhone
		{4E17C7C8-BB79-4C83-9150-64B67A5F1A02}.Ad-Hoc|iPhone.ActiveCfg = Ad-Hoc|iPhone
		{4E17C7C8-BB79-4C83-9150-64B67A5F1A02}.Ad-Hoc|iPhone.Build.0 = Ad-Hoc|iPhone
		{4E17C7C8-BB79-4C83-9150-64B67A5F1A02}.Ad-Hoc|iPhoneSimulator.ActiveCfg = Ad-Hoc|iPhoneSimulator
		{4E17C7C8-BB79-4C83-9150-64B67A5F1A02}.Ad-Hoc|iPhoneSimulator.Build.0 = Ad-Hoc|iPhoneSimulator
		{4E17C7C8-BB79-4C83-9150-64B67A5F1A02}.Ad-Hoc|x64.ActiveCfg = Ad-Hoc|iPhone
		{4E17C7C8-BB79-4C83-9150-64B67A5F1A02}.Ad-Hoc|x86.ActiveCfg = Ad-Hoc|iPhone
		{4E17C7C8-BB79-4C83-9150-64B67A5F1A02}.AppStore|Any CPU.ActiveCfg = AppStore|iPhone
		{4E17C7C8-BB79-4C83-9150-64B67A5F1A02}.AppStore|ARM.ActiveCfg = AppStore|iPhone
		{4E17C7C8-BB79-4C83-9150-64B67A5F1A02}.AppStore|iPhone.ActiveCfg = AppStore|iPhone
		{4E17C7C8-BB79-4C83-9150-64B67A5F1A02}.AppStore|iPhone.Build.0 = AppStore|iPhone
		{4E17C7C8-BB79-4C83-9150-64B67A5F1A02}.AppStore|iPhoneSimulator.ActiveCfg = AppStore|iPhoneSimulator
		{4E17C7C8-BB79-4C83-9150-64B67A5F1A02}.AppStore|iPhoneSimulator.Build.0 = AppStore|iPhoneSimulator
		{4E17C7C8-BB79-4C83-9150-64B67A5F1A02}.AppStore|x64.ActiveCfg = AppStore|iPhone
		{4E17C7C8-BB79-4C83-9150-64B67A5F1A02}.AppStore|x86.ActiveCfg = AppStore|iPhone
		{4E17C7C8-BB79-4C83-9150-64B67A5F1A02}.Debug|Any CPU.ActiveCfg = Debug|iPhone
		{4E17C7C8-BB79-4C83-9150-64B67A5F1A02}.Debug|ARM.ActiveCfg = Debug|iPhone
		{4E17C7C8-BB79-4C83-9150-64B67A5F1A02}.Debug|iPhone.ActiveCfg = Debug|iPhone
		{4E17C7C8-BB79-4C83-9150-64B67A5F1A02}.Debug|iPhone.Build.0 = Debug|iPhone
		{4E17C7C8-BB79-4C83-9150-64B67A5F1A02}.Debug|iPhoneSimulator.ActiveCfg = Debug|iPhoneSimulator
		{4E17C7C8-BB79-4C83-9150-64B67A5F1A02}.Debug|iPhoneSimulator.Build.0 = Debug|iPhoneSimulator
		{4E17C7C8-BB79-4C83-9150-64B67A5F1A02}.Debug|x64.ActiveCfg = Debug|iPhone
		{4E17C7C8-BB79-4C83-9150-64B67A5F1A02}.Debug|x86.ActiveCfg = Debug|iPhone
		{4E17C7C8-BB79-4C83-9150-64B67A5F1A02}.Release|Any CPU.ActiveCfg = Release|iPhone
		{4E17C7C8-BB79-4C83-9150-64B67A5F1A02}.Release|ARM.ActiveCfg = Release|iPhone
		{4E17C7C8-BB79-4C83-9150-64B67A5F1A02}.Release|iPhone.ActiveCfg = Release|iPhone
		{4E17C7C8-BB79-4C83-9150-64B67A5F1A02}.Release|iPhone.Build.0 = Release|iPhone
		{4E17C7C8-BB79-4C83-9150-64B67A5F1A02}.Release|iPhoneSimulator.ActiveCfg = Release|iPhoneSimulator
		{4E17C7C8-BB79-4C83-9150-64B67A5F1A02}.Release|iPhoneSimulator.Build.0 = Release|iPhoneSimulator
		{4E17C7C8-BB79-4C83-9150-64B67A5F1A02}.Release|x64.ActiveCfg = Release|iPhone
		{4E17C7C8-BB79-4C83-9150-64B67A5F1A02}.Release|x86.ActiveCfg = Release|iPhone
		{2586C209-476C-4B3F-8EFC-250DAF352CEC}.Ad-Hoc|Any CPU.ActiveCfg = Release|x64
		{2586C209-476C-4B3F-8EFC-250DAF352CEC}.Ad-Hoc|Any CPU.Build.0 = Release|x64
		{2586C209-476C-4B3F-8EFC-250DAF352CEC}.Ad-Hoc|Any CPU.Deploy.0 = Release|x64
		{2586C209-476C-4B3F-8EFC-250DAF352CEC}.Ad-Hoc|ARM.ActiveCfg = Release|ARM
		{2586C209-476C-4B3F-8EFC-250DAF352CEC}.Ad-Hoc|ARM.Build.0 = Release|ARM
		{2586C209-476C-4B3F-8EFC-250DAF352CEC}.Ad-Hoc|ARM.Deploy.0 = Release|ARM
		{2586C209-476C-4B3F-8EFC-250DAF352CEC}.Ad-Hoc|iPhone.ActiveCfg = Release|x64
		{2586C209-476C-4B3F-8EFC-250DAF352CEC}.Ad-Hoc|iPhone.Build.0 = Release|x64
		{2586C209-476C-4B3F-8EFC-250DAF352CEC}.Ad-Hoc|iPhone.Deploy.0 = Release|x64
		{2586C209-476C-4B3F-8EFC-250DAF352CEC}.Ad-Hoc|iPhoneSimulator.ActiveCfg = Release|x64
		{2586C209-476C-4B3F-8EFC-250DAF352CEC}.Ad-Hoc|iPhoneSimulator.Build.0 = Release|x64
		{2586C209-476C-4B3F-8EFC-250DAF352CEC}.Ad-Hoc|iPhoneSimulator.Deploy.0 = Release|x64
		{2586C209-476C-4B3F-8EFC-250DAF352CEC}.Ad-Hoc|x64.ActiveCfg = Release|x64
		{2586C209-476C-4B3F-8EFC-250DAF352CEC}.Ad-Hoc|x64.Build.0 = Release|x64
		{2586C209-476C-4B3F-8EFC-250DAF352CEC}.Ad-Hoc|x64.Deploy.0 = Release|x64
		{2586C209-476C-4B3F-8EFC-250DAF352CEC}.Ad-Hoc|x86.ActiveCfg = Release|x86
		{2586C209-476C-4B3F-8EFC-250DAF352CEC}.Ad-Hoc|x86.Build.0 = Release|x86
		{2586C209-476C-4B3F-8EFC-250DAF352CEC}.Ad-Hoc|x86.Deploy.0 = Release|x86
		{2586C209-476C-4B3F-8EFC-250DAF352CEC}.AppStore|Any CPU.ActiveCfg = Release|x64
		{2586C209-476C-4B3F-8EFC-250DAF352CEC}.AppStore|Any CPU.Build.0 = Release|x64
		{2586C209-476C-4B3F-8EFC-250DAF352CEC}.AppStore|Any CPU.Deploy.0 = Release|x64
		{2586C209-476C-4B3F-8EFC-250DAF352CEC}.AppStore|ARM.ActiveCfg = Release|ARM
		{2586C209-476C-4B3F-8EFC-250DAF352CEC}.AppStore|ARM.Build.0 = Release|ARM
		{2586C209-476C-4B3F-8EFC-250DAF352CEC}.AppStore|ARM.Deploy.0 = Release|ARM
		{2586C209-476C-4B3F-8EFC-250DAF352CEC}.AppStore|iPhone.ActiveCfg = Release|x64
		{2586C209-476C-4B3F-8EFC-250DAF352CEC}.AppStore|iPhone.Build.0 = Release|x64
		{2586C209-476C-4B3F-8EFC-250DAF352CEC}.AppStore|iPhone.Deploy.0 = Release|x64
		{2586C209-476C-4B3F-8EFC-250DAF352CEC}.AppStore|iPhoneSimulator.ActiveCfg = Release|x64
		{2586C209-476C-4B3F-8EFC-250DAF352CEC}.AppStore|iPhoneSimulator.Build.0 = Release|x64
		{2586C209-476C-4B3F-8EFC-250DAF352CEC}.AppStore|iPhoneSimulator.Deploy.0 = Release|x64
		{2586C209-476C-4B3F-8EFC-250DAF352CEC}.AppStore|x64.ActiveCfg = Release|x64
		{2586C209-476C-4B3F-8EFC-250DAF352CEC}.AppStore|x64.Build.0 = Release|x64
		{2586C209-476C-4B3F-8EFC-250DAF352CEC}.AppStore|x64.Deploy.0 = Release|x64
		{2586C209-476C-4B3F-8EFC-250DAF352CEC}.AppStore|x86.ActiveCfg = Release|x86
		{2586C209-476C-4B3F-8EFC-250DAF352CEC}.AppStore|x86.Build.0 = Release|x86
		{2586C209-476C-4B3F-8EFC-250DAF352CEC}.AppStore|x86.Deploy.0 = Release|x86
		{2586C209-476C-4B3F-8EFC-250DAF352CEC}.Debug|Any CPU.ActiveCfg = Debug|x86
		{2586C209-476C-4B3F-8EFC-250DAF352CEC}.Debug|ARM.ActiveCfg = Debug|ARM
		{2586C209-476C-4B3F-8EFC-250DAF352CEC}.Debug|ARM.Build.0 = Debug|ARM
		{2586C209-476C-4B3F-8EFC-250DAF352CEC}.Debug|ARM.Deploy.0 = Debug|ARM
		{2586C209-476C-4B3F-8EFC-250DAF352CEC}.Debug|iPhone.ActiveCfg = Debug|x86
		{2586C209-476C-4B3F-8EFC-250DAF352CEC}.Debug|iPhoneSimulator.ActiveCfg = Debug|x86
		{2586C209-476C-4B3F-8EFC-250DAF352CEC}.Debug|x64.ActiveCfg = Debug|x64
		{2586C209-476C-4B3F-8EFC-250DAF352CEC}.Debug|x64.Build.0 = Debug|x64
		{2586C209-476C-4B3F-8EFC-250DAF352CEC}.Debug|x64.Deploy.0 = Debug|x64
		{2586C209-476C-4B3F-8EFC-250DAF352CEC}.Debug|x86.ActiveCfg = Debug|x86
		{2586C209-476C-4B3F-8EFC-250DAF352CEC}.Debug|x86.Build.0 = Debug|x86
		{2586C209-476C-4B3F-8EFC-250DAF352CEC}.Debug|x86.Deploy.0 = Debug|x86
		{2586C209-476C-4B3F-8EFC-250DAF352CEC}.Release|Any CPU.ActiveCfg = Release|x86
		{2586C209-476C-4B3F-8EFC-250DAF352CEC}.Release|ARM.ActiveCfg = Release|ARM
		{2586C209-476C-4B3F-8EFC-250DAF352CEC}.Release|ARM.Build.0 = Release|ARM
		{2586C209-476C-4B3F-8EFC-250DAF352CEC}.Release|ARM.Deploy.0 = Release|ARM
		{2586C209-476C-4B3F-8EFC-250DAF352CEC}.Release|iPhone.ActiveCfg = Release|x86
		{2586C209-476C-4B3F-8EFC-250DAF352CEC}.Release|iPhoneSimulator.ActiveCfg = Release|x86
		{2586C209-476C-4B3F-8EFC-250DAF352CEC}.Release|x64.ActiveCfg = Release|x64
		{2586C209-476C-4B3F-8EFC-250DAF352CEC}.Release|x64.Build.0 = Release|x64
		{2586C209-476C-4B3F-8EFC-250DAF352CEC}.Release|x64.Deploy.0 = Release|x64
		{2586C209-476C-4B3F-8EFC-250DAF352CEC}.Release|x86.ActiveCfg = Release|x86
		{2586C209-476C-4B3F-8EFC-250DAF352CEC}.Release|x86.Build.0 = Release|x86
		{2586C209-476C-4B3F-8EFC-250DAF352CEC}.Release|x86.Deploy.0 = Release|x86
	EndGlobalSection
	GlobalSection(SolutionProperties) = preSolution
		HideSolutionNode = FALSE
	EndGlobalSection
	GlobalSection(ExtensibilityGlobals) = postSolution
		SolutionGuid = {76DF25A5-9107-43C5-AC2D-4B0C02A64C96}
	EndGlobalSection
EndGlobal
